PODS:
  - ACamera (0.1.0)
  - TesseractOCRiOS (5.0.1)

DEPENDENCIES:
  - ACamera (from `../`)
  - TesseractOCRiOS (~> 5.0.1)

SPEC REPOS:
  https://github.com/cocoapods/specs.git:
    - TesseractOCRiOS

EXTERNAL SOURCES:
  ACamera:
    :path: "../"

SPEC CHECKSUMS:
  ACamera: b9307b0c4bf9f9945649be499e3b1c4e60d3c5cf
  TesseractOCRiOS: 2c189465f86abb030d0c5141c90da9705b647854

PODFILE CHECKSUM: 6b7dace3c72c40740c5bfc349e7f63982a9ab66f

COCOAPODS: 1.6.0.beta.1
