PODS:
  - ACamera (0.1.0)
  - FBSnapshotTestCase (2.1.4):
    - FBSnapshotTestCase/SwiftSupport (= 2.1.4)
  - FBSnapshotTestCase/Core (2.1.4)
  - FBSnapshotTestCase/SwiftSupport (2.1.4):
    - FBSnapshotTestCase/Core

DEPENDENCIES:
  - ACamera (from `../`)
  - FBSnapshotTestCase

EXTERNAL SOURCES:
  ACamera:
    :path: "../"

SPEC CHECKSUMS:
  ACamera: d3f659e03fca08380adb53dce40966246174b616
  FBSnapshotTestCase: '094f9f314decbabe373b87cc339bea235a63e07a'

PODFILE CHECKSUM: eb4605f646e23d00c2aa72305a86c233ca869850

COCOAPODS: 1.2.1
